
Microsoft Visual Studio Solution File, Format Version 12.00
# Visual Studio Version 16
VisualStudioVersion = 16.0.29920.165
MinimumVisualStudioVersion = 10.0.40219.1
Project("{FAE04EC0-301F-11D3-BF4B-00C04F79EFBC}") = "CabInvoiceGenerator", "CabInvoiceGenerator.csproj", "{8E1B5C2E-32A9-4325-9196-083980B71029}"
EndProject
Project("{FAE04EC0-301F-11D3-BF4B-00C04F79EFBC}") = "TestCabInvoiceGenerator", "..\TestCabInvoiceGenerator\TestCabInvoiceGenerator.csproj", "{5449DFF4-CF0B-4F7B-8E11-35F68A0F62CB}"
EndProject
Global
	GlobalSection(SolutionConfigurationPlatforms) = preSolution
		Debug|Any CPU = Debug|Any CPU
		Release|Any CPU = Release|Any CPU
	EndGlobalSection
	GlobalSection(ProjectConfigurationPlatforms) = postSolution
		{8E1B5C2E-32A9-4325-9196-083980B71029}.Debug|Any CPU.ActiveCfg = Debug|Any CPU
		{8E1B5C2E-32A9-4325-9196-083980B71029}.Debug|Any CPU.Build.0 = Debug|Any CPU
		{8E1B5C2E-32A9-4325-9196-083980B71029}.Release|Any CPU.ActiveCfg = Release|Any CPU
		{8E1B5C2E-32A9-4325-9196-083980B71029}.Release|Any CPU.Build.0 = Release|Any CPU
		{5449DFF4-CF0B-4F7B-8E11-35F68A0F62CB}.Debug|Any CPU.ActiveCfg = Debug|Any CPU
		{5449DFF4-CF0B-4F7B-8E11-35F68A0F62CB}.Debug|Any CPU.Build.0 = Debug|Any CPU
		{5449DFF4-CF0B-4F7B-8E11-35F68A0F62CB}.Release|Any CPU.ActiveCfg = Release|Any CPU
		{5449DFF4-CF0B-4F7B-8E11-35F68A0F62CB}.Release|Any CPU.Build.0 = Release|Any CPU
	EndGlobalSection
	GlobalSection(SolutionProperties) = preSolution
		HideSolutionNode = FALSE
	EndGlobalSection
	GlobalSection(ExtensibilityGlobals) = postSolution
		SolutionGuid = {E1F48595-E8FB-4DA7-8FE2-1DD7B682772B}
	EndGlobalSection
EndGlobal
