
Microsoft Visual Studio Solution File, Format Version 12.00
# Visual Studio Version 16
VisualStudioVersion = 16.0.29920.165
MinimumVisualStudioVersion = 10.0.40219.1
Project("{9A19103F-16F7-4668-BE54-9A1E7A4F7556}") = "WebApplication1", "WebApplication1.csproj", "{1546AD67-ABA2-4E04-A567-B0A2B4C130FC}"
EndProject
Project("{FAE04EC0-301F-11D3-BF4B-00C04F79EFBC}") = "Model", "..\Model\Model.csproj", "{761C1512-5580-4EB1-B099-296011EC8BF0}"
EndProject
Project("{FAE04EC0-301F-11D3-BF4B-00C04F79EFBC}") = "Manager", "..\Manager\Manager.csproj", "{93404AD6-EA7E-408E-8AAA-BB739E0D2050}"
EndProject
Project("{FAE04EC0-301F-11D3-BF4B-00C04F79EFBC}") = "Repository", "..\Repository\Repository.csproj", "{49D66D87-3AB2-42A9-8125-737B40437D8B}"
EndProject
Global
	GlobalSection(SolutionConfigurationPlatforms) = preSolution
		Debug|Any CPU = Debug|Any CPU
		Release|Any CPU = Release|Any CPU
	EndGlobalSection
	GlobalSection(ProjectConfigurationPlatforms) = postSolution
		{1546AD67-ABA2-4E04-A567-B0A2B4C130FC}.Debug|Any CPU.ActiveCfg = Debug|Any CPU
		{1546AD67-ABA2-4E04-A567-B0A2B4C130FC}.Debug|Any CPU.Build.0 = Debug|Any CPU
		{1546AD67-ABA2-4E04-A567-B0A2B4C130FC}.Release|Any CPU.ActiveCfg = Release|Any CPU
		{1546AD67-ABA2-4E04-A567-B0A2B4C130FC}.Release|Any CPU.Build.0 = Release|Any CPU
		{761C1512-5580-4EB1-B099-296011EC8BF0}.Debug|Any CPU.ActiveCfg = Debug|Any CPU
		{761C1512-5580-4EB1-B099-296011EC8BF0}.Debug|Any CPU.Build.0 = Debug|Any CPU
		{761C1512-5580-4EB1-B099-296011EC8BF0}.Release|Any CPU.ActiveCfg = Release|Any CPU
		{761C1512-5580-4EB1-B099-296011EC8BF0}.Release|Any CPU.Build.0 = Release|Any CPU
		{93404AD6-EA7E-408E-8AAA-BB739E0D2050}.Debug|Any CPU.ActiveCfg = Debug|Any CPU
		{93404AD6-EA7E-408E-8AAA-BB739E0D2050}.Debug|Any CPU.Build.0 = Debug|Any CPU
		{93404AD6-EA7E-408E-8AAA-BB739E0D2050}.Release|Any CPU.ActiveCfg = Release|Any CPU
		{93404AD6-EA7E-408E-8AAA-BB739E0D2050}.Release|Any CPU.Build.0 = Release|Any CPU
		{49D66D87-3AB2-42A9-8125-737B40437D8B}.Debug|Any CPU.ActiveCfg = Debug|Any CPU
		{49D66D87-3AB2-42A9-8125-737B40437D8B}.Debug|Any CPU.Build.0 = Debug|Any CPU
		{49D66D87-3AB2-42A9-8125-737B40437D8B}.Release|Any CPU.ActiveCfg = Release|Any CPU
		{49D66D87-3AB2-42A9-8125-737B40437D8B}.Release|Any CPU.Build.0 = Release|Any CPU
	EndGlobalSection
	GlobalSection(SolutionProperties) = preSolution
		HideSolutionNode = FALSE
	EndGlobalSection
	GlobalSection(ExtensibilityGlobals) = postSolution
		SolutionGuid = {D5F13874-18E2-480C-93FC-BA6F2C9D6E58}
	EndGlobalSection
EndGlobal
